
Microsoft Visual Studio Solution File, Format Version 12.00
# Visual Studio Version 16
VisualStudioVersion = 16.0.30413.136
MinimumVisualStudioVersion = 10.0.40219.1
Project("{FAE04EC0-301F-11D3-BF4B-00C04F79EFBC}") = "WindowsFormsApp1", "WindowsFormsApp1\WindowsFormsApp1.csproj", "{F7FBC3DB-2D70-4DE8-9BEB-090CD499C00B}"
EndProject
Global
	GlobalSection(SolutionConfigurationPlatforms) = preSolution
		Debug|Any CPU = Debug|Any CPU
		Release|Any CPU = Release|Any CPU
	EndGlobalSection
	GlobalSection(ProjectConfigurationPlatforms) = postSolution
		{F7FBC3DB-2D70-4DE8-9BEB-090CD499C00B}.Debug|Any CPU.ActiveCfg = Debug|Any CPU
		{F7FBC3DB-2D70-4DE8-9BEB-090CD499C00B}.Debug|Any CPU.Build.0 = Debug|Any CPU
		{F7FBC3DB-2D70-4DE8-9BEB-090CD499C00B}.Release|Any CPU.ActiveCfg = Release|Any CPU
		{F7FBC3DB-2D70-4DE8-9BEB-090CD499C00B}.Release|Any CPU.Build.0 = Release|Any CPU
	EndGlobalSection
	GlobalSection(SolutionProperties) = preSolution
		HideSolutionNode = FALSE
	EndGlobalSection
	GlobalSection(ExtensibilityGlobals) = postSolution
		SolutionGuid = {82E1529B-D6FC-4638-BDE2-4F9193487961}
	EndGlobalSection
EndGlobal
